// !$*UTF8*$!
{
	archiveVersion = 1;
	classes = {
	};
	objectVersion = 46;
	objects = {

/* Begin PBXBuildFile section */
		A92FA1EF1AE65B8E00AB73FB /* Votes.plist in Resources */ = {isa = PBXBuildFile; fileRef = A92FA1EE1AE65B8E00AB73FB /* Votes.plist */; };
		A92FA1F11AE65D7900AB73FB /* PList.m in Sources */ = {isa = PBXBuildFile; fileRef = A92FA1F01AE65D7900AB73FB /* PList.m */; };
		A9534FA01AE6C76D003375CF /* Votes.plist in Sources */ = {isa = PBXBuildFile; fileRef = A92FA1EE1AE65B8E00AB73FB /* Votes.plist */; };
		A9EF3FF11AE6C6660076579C /* Votes.plist in Resources */ = {isa = PBXBuildFile; fileRef = A9EF3FF01AE6C6660076579C /* Votes.plist */; };
		A9FB90AD1AE579EB00AF181A /* main.m in Sources */ = {isa = PBXBuildFile; fileRef = A9FB90AC1AE579EB00AF181A /* main.m */; };
		A9FB90B01AE579EB00AF181A /* AppDelegate.m in Sources */ = {isa = PBXBuildFile; fileRef = A9FB90AF1AE579EB00AF181A /* AppDelegate.m */; };
		A9FB90B81AE579EB00AF181A /* Images.xcassets in Resources */ = {isa = PBXBuildFile; fileRef = A9FB90B71AE579EB00AF181A /* Images.xcassets */; };
		A9FB90BB1AE579EB00AF181A /* LaunchScreen.xib in Resources */ = {isa = PBXBuildFile; fileRef = A9FB90B91AE579EB00AF181A /* LaunchScreen.xib */; };
		A9FB90C71AE579EB00AF181A /* Rank_ItTests.m in Sources */ = {isa = PBXBuildFile; fileRef = A9FB90C61AE579EB00AF181A /* Rank_ItTests.m */; };
		A9FB90E31AE57A7200AF181A /* APIurls.m in Sources */ = {isa = PBXBuildFile; fileRef = A9FB90D11AE57A7200AF181A /* APIurls.m */; };
		A9FB90E41AE57A7200AF181A /* Candidate.m in Sources */ = {isa = PBXBuildFile; fileRef = A9FB90D31AE57A7200AF181A /* Candidate.m */; };
		A9FB90E51AE57A7200AF181A /* ConnectionToServer.m in Sources */ = {isa = PBXBuildFile; fileRef = A9FB90D51AE57A7200AF181A /* ConnectionToServer.m */; };
		A9FB90E61AE57A7200AF181A /* Flip.m in Sources */ = {isa = PBXBuildFile; fileRef = A9FB90D71AE57A7200AF181A /* Flip.m */; };
		A9FB90E71AE57A7200AF181A /* Font.m in Sources */ = {isa = PBXBuildFile; fileRef = A9FB90D91AE57A7200AF181A /* Font.m */; };
		A9FB90E81AE57A7200AF181A /* Main.storyboard in Resources */ = {isa = PBXBuildFile; fileRef = A9FB90DA1AE57A7200AF181A /* Main.storyboard */; };
		A9FB90E91AE57A7200AF181A /* Poll.m in Sources */ = {isa = PBXBuildFile; fileRef = A9FB90DC1AE57A7200AF181A /* Poll.m */; };
		A9FB90EA1AE57A7200AF181A /* TableViewController.m in Sources */ = {isa = PBXBuildFile; fileRef = A9FB90DE1AE57A7200AF181A /* TableViewController.m */; settings = {COMPILER_FLAGS = "-Wno-deprecated"; }; };
		A9FB90EB1AE57A7200AF181A /* ViewControllerCandidates.m in Sources */ = {isa = PBXBuildFile; fileRef = A9FB90E01AE57A7200AF181A /* ViewControllerCandidates.m */; settings = {COMPILER_FLAGS = "-Wno-deprecated"; }; };
		A9FB90EC1AE57A7200AF181A /* ViewControllerDettagli.m in Sources */ = {isa = PBXBuildFile; fileRef = A9FB90E21AE57A7200AF181A /* ViewControllerDettagli.m */; };
/* End PBXBuildFile section */

/* Begin PBXContainerItemProxy section */
		A9FB90C11AE579EB00AF181A /* PBXContainerItemProxy */ = {
			isa = PBXContainerItemProxy;
			containerPortal = A9FB909F1AE579EB00AF181A /* Project object */;
			proxyType = 1;
			remoteGlobalIDString = A9FB90A61AE579EB00AF181A;
			remoteInfo = "Rank It";
		};
/* End PBXContainerItemProxy section */

/* Begin PBXFileReference section */
		A92FA1EE1AE65B8E00AB73FB /* Votes.plist */ = {isa = PBXFileReference; fileEncoding = 4; lastKnownFileType = text.plist.xml; path = Votes.plist; sourceTree = "<group>"; };
		A92FA1F01AE65D7900AB73FB /* PList.m */ = {isa = PBXFileReference; fileEncoding = 4; lastKnownFileType = sourcecode.c.objc; path = PList.m; sourceTree = "<group>"; };
		A92FA1F21AE65D8C00AB73FB /* PList.h */ = {isa = PBXFileReference; lastKnownFileType = sourcecode.c.h; path = PList.h; sourceTree = "<group>"; };
		A9EF3FF01AE6C6660076579C /* Votes.plist */ = {isa = PBXFileReference; fileEncoding = 4; lastKnownFileType = text.plist.xml; path = Votes.plist; sourceTree = "<group>"; };
		A9FB90A71AE579EB00AF181A /* Rank It.app */ = {isa = PBXFileReference; explicitFileType = wrapper.application; includeInIndex = 0; path = "Rank It.app"; sourceTree = BUILT_PRODUCTS_DIR; };
		A9FB90AB1AE579EB00AF181A /* Info.plist */ = {isa = PBXFileReference; lastKnownFileType = text.plist.xml; path = Info.plist; sourceTree = "<group>"; };
		A9FB90AC1AE579EB00AF181A /* main.m */ = {isa = PBXFileReference; lastKnownFileType = sourcecode.c.objc; path = main.m; sourceTree = "<group>"; };
		A9FB90AE1AE579EB00AF181A /* AppDelegate.h */ = {isa = PBXFileReference; lastKnownFileType = sourcecode.c.h; path = AppDelegate.h; sourceTree = "<group>"; };
		A9FB90AF1AE579EB00AF181A /* AppDelegate.m */ = {isa = PBXFileReference; lastKnownFileType = sourcecode.c.objc; path = AppDelegate.m; sourceTree = "<group>"; };
		A9FB90B71AE579EB00AF181A /* Images.xcassets */ = {isa = PBXFileReference; lastKnownFileType = folder.assetcatalog; path = Images.xcassets; sourceTree = "<group>"; };
		A9FB90BA1AE579EB00AF181A /* Base */ = {isa = PBXFileReference; lastKnownFileType = file.xib; name = Base; path = Base.lproj/LaunchScreen.xib; sourceTree = "<group>"; };
		A9FB90C01AE579EB00AF181A /* Rank ItTests.xctest */ = {isa = PBXFileReference; explicitFileType = wrapper.cfbundle; includeInIndex = 0; path = "Rank ItTests.xctest"; sourceTree = BUILT_PRODUCTS_DIR; };
		A9FB90C51AE579EB00AF181A /* Info.plist */ = {isa = PBXFileReference; lastKnownFileType = text.plist.xml; path = Info.plist; sourceTree = "<group>"; };
		A9FB90C61AE579EB00AF181A /* Rank_ItTests.m */ = {isa = PBXFileReference; lastKnownFileType = sourcecode.c.objc; path = Rank_ItTests.m; sourceTree = "<group>"; };
		A9FB90D01AE57A7200AF181A /* APIurls.h */ = {isa = PBXFileReference; fileEncoding = 4; lastKnownFileType = sourcecode.c.h; path = APIurls.h; sourceTree = "<group>"; };
		A9FB90D11AE57A7200AF181A /* APIurls.m */ = {isa = PBXFileReference; fileEncoding = 4; lastKnownFileType = sourcecode.c.objc; path = APIurls.m; sourceTree = "<group>"; };
		A9FB90D21AE57A7200AF181A /* Candidate.h */ = {isa = PBXFileReference; fileEncoding = 4; lastKnownFileType = sourcecode.c.h; path = Candidate.h; sourceTree = "<group>"; };
		A9FB90D31AE57A7200AF181A /* Candidate.m */ = {isa = PBXFileReference; fileEncoding = 4; lastKnownFileType = sourcecode.c.objc; path = Candidate.m; sourceTree = "<group>"; };
		A9FB90D41AE57A7200AF181A /* ConnectionToServer.h */ = {isa = PBXFileReference; fileEncoding = 4; lastKnownFileType = sourcecode.c.h; path = ConnectionToServer.h; sourceTree = "<group>"; };
		A9FB90D51AE57A7200AF181A /* ConnectionToServer.m */ = {isa = PBXFileReference; fileEncoding = 4; lastKnownFileType = sourcecode.c.objc; path = ConnectionToServer.m; sourceTree = "<group>"; };
		A9FB90D61AE57A7200AF181A /* Flip.h */ = {isa = PBXFileReference; fileEncoding = 4; lastKnownFileType = sourcecode.c.h; path = Flip.h; sourceTree = "<group>"; };
		A9FB90D71AE57A7200AF181A /* Flip.m */ = {isa = PBXFileReference; fileEncoding = 4; lastKnownFileType = sourcecode.c.objc; path = Flip.m; sourceTree = "<group>"; };
		A9FB90D81AE57A7200AF181A /* Font.h */ = {isa = PBXFileReference; fileEncoding = 4; lastKnownFileType = sourcecode.c.h; path = Font.h; sourceTree = "<group>"; };
		A9FB90D91AE57A7200AF181A /* Font.m */ = {isa = PBXFileReference; fileEncoding = 4; lastKnownFileType = sourcecode.c.objc; path = Font.m; sourceTree = "<group>"; };
		A9FB90DA1AE57A7200AF181A /* Main.storyboard */ = {isa = PBXFileReference; fileEncoding = 4; lastKnownFileType = file.storyboard; path = Main.storyboard; sourceTree = "<group>"; };
		A9FB90DB1AE57A7200AF181A /* Poll.h */ = {isa = PBXFileReference; fileEncoding = 4; lastKnownFileType = sourcecode.c.h; path = Poll.h; sourceTree = "<group>"; };
		A9FB90DC1AE57A7200AF181A /* Poll.m */ = {isa = PBXFileReference; fileEncoding = 4; lastKnownFileType = sourcecode.c.objc; path = Poll.m; sourceTree = "<group>"; };
		A9FB90DD1AE57A7200AF181A /* TableViewController.h */ = {isa = PBXFileReference; fileEncoding = 4; lastKnownFileType = sourcecode.c.h; path = TableViewController.h; sourceTree = "<group>"; };
		A9FB90DE1AE57A7200AF181A /* TableViewController.m */ = {isa = PBXFileReference; fileEncoding = 4; lastKnownFileType = sourcecode.c.objc; path = TableViewController.m; sourceTree = "<group>"; };
		A9FB90DF1AE57A7200AF181A /* ViewControllerCandidates.h */ = {isa = PBXFileReference; fileEncoding = 4; lastKnownFileType = sourcecode.c.h; path = ViewControllerCandidates.h; sourceTree = "<group>"; };
		A9FB90E01AE57A7200AF181A /* ViewControllerCandidates.m */ = {isa = PBXFileReference; fileEncoding = 4; lastKnownFileType = sourcecode.c.objc; path = ViewControllerCandidates.m; sourceTree = "<group>"; };
		A9FB90E11AE57A7200AF181A /* ViewControllerDettagli.h */ = {isa = PBXFileReference; fileEncoding = 4; lastKnownFileType = sourcecode.c.h; path = ViewControllerDettagli.h; sourceTree = "<group>"; };
		A9FB90E21AE57A7200AF181A /* ViewControllerDettagli.m */ = {isa = PBXFileReference; fileEncoding = 4; lastKnownFileType = sourcecode.c.objc; path = ViewControllerDettagli.m; sourceTree = "<group>"; };
/* End PBXFileReference section */

/* Begin PBXFrameworksBuildPhase section */
		A9FB90A41AE579EB00AF181A /* Frameworks */ = {
			isa = PBXFrameworksBuildPhase;
			buildActionMask = 2147483647;
			files = (
			);
			runOnlyForDeploymentPostprocessing = 0;
		};
		A9FB90BD1AE579EB00AF181A /* Frameworks */ = {
			isa = PBXFrameworksBuildPhase;
			buildActionMask = 2147483647;
			files = (
			);
			runOnlyForDeploymentPostprocessing = 0;
		};
/* End PBXFrameworksBuildPhase section */

/* Begin PBXGroup section */
		A9FB909E1AE579EB00AF181A = {
			isa = PBXGroup;
			children = (
				A9FB90A91AE579EB00AF181A /* Rank It */,
				A9FB90C31AE579EB00AF181A /* Rank ItTests */,
				A9FB90A81AE579EB00AF181A /* Products */,
			);
			sourceTree = "<group>";
		};
		A9FB90A81AE579EB00AF181A /* Products */ = {
			isa = PBXGroup;
			children = (
				A9FB90A71AE579EB00AF181A /* Rank It.app */,
				A9FB90C01AE579EB00AF181A /* Rank ItTests.xctest */,
			);
			name = Products;
			sourceTree = "<group>";
		};
		A9FB90A91AE579EB00AF181A /* Rank It */ = {
			isa = PBXGroup;
			children = (
				A9FB90AC1AE579EB00AF181A /* main.m */,
				A9FB90ED1AE57AF300AF181A /* Delegate */,
				A9FB90EF1AE57B3000AF181A /* Home */,
				A9FB90F01AE57B3D00AF181A /* Util */,
				A9FB90EE1AE57B1100AF181A /* VotaPoll */,
				A9FB90DA1AE57A7200AF181A /* Main.storyboard */,
				A9FB90B91AE579EB00AF181A /* LaunchScreen.xib */,
				A9FB90B71AE579EB00AF181A /* Images.xcassets */,
				A9FB90AA1AE579EB00AF181A /* Supporting Files */,
			);
			path = "Rank It";
			sourceTree = "<group>";
		};
		A9FB90AA1AE579EB00AF181A /* Supporting Files */ = {
			isa = PBXGroup;
			children = (
				A9FB90AB1AE579EB00AF181A /* Info.plist */,
				A9EF3FF01AE6C6660076579C /* Votes.plist */,
			);
			name = "Supporting Files";
			sourceTree = "<group>";
		};
		A9FB90C31AE579EB00AF181A /* Rank ItTests */ = {
			isa = PBXGroup;
			children = (
				A9FB90C61AE579EB00AF181A /* Rank_ItTests.m */,
				A9FB90C41AE579EB00AF181A /* Supporting Files */,
			);
			path = "Rank ItTests";
			sourceTree = "<group>";
		};
		A9FB90C41AE579EB00AF181A /* Supporting Files */ = {
			isa = PBXGroup;
			children = (
				A9FB90C51AE579EB00AF181A /* Info.plist */,
				A92FA1EE1AE65B8E00AB73FB /* Votes.plist */,
			);
			name = "Supporting Files";
			sourceTree = "<group>";
		};
		A9FB90ED1AE57AF300AF181A /* Delegate */ = {
			isa = PBXGroup;
			children = (
				A9FB90AE1AE579EB00AF181A /* AppDelegate.h */,
				A9FB90AF1AE579EB00AF181A /* AppDelegate.m */,
			);
			name = Delegate;
			sourceTree = "<group>";
		};
		A9FB90EE1AE57B1100AF181A /* VotaPoll */ = {
			isa = PBXGroup;
			children = (
				A9FB90DF1AE57A7200AF181A /* ViewControllerCandidates.h */,
				A9FB90E01AE57A7200AF181A /* ViewControllerCandidates.m */,
				A9FB90E11AE57A7200AF181A /* ViewControllerDettagli.h */,
				A9FB90E21AE57A7200AF181A /* ViewControllerDettagli.m */,
			);
			name = VotaPoll;
			sourceTree = "<group>";
		};
		A9FB90EF1AE57B3000AF181A /* Home */ = {
			isa = PBXGroup;
			children = (
				A9FB90DD1AE57A7200AF181A /* TableViewController.h */,
				A9FB90DE1AE57A7200AF181A /* TableViewController.m */,
			);
			name = Home;
			sourceTree = "<group>";
		};
		A9FB90F01AE57B3D00AF181A /* Util */ = {
			isa = PBXGroup;
			children = (
				A9FB90D01AE57A7200AF181A /* APIurls.h */,
				A9FB90D11AE57A7200AF181A /* APIurls.m */,
				A9FB90D21AE57A7200AF181A /* Candidate.h */,
				A9FB90D31AE57A7200AF181A /* Candidate.m */,
				A9FB90D41AE57A7200AF181A /* ConnectionToServer.h */,
				A9FB90D51AE57A7200AF181A /* ConnectionToServer.m */,
				A9FB90D61AE57A7200AF181A /* Flip.h */,
				A9FB90D71AE57A7200AF181A /* Flip.m */,
				A9FB90D81AE57A7200AF181A /* Font.h */,
				A9FB90D91AE57A7200AF181A /* Font.m */,
				A9FB90DB1AE57A7200AF181A /* Poll.h */,
				A9FB90DC1AE57A7200AF181A /* Poll.m */,
				A92FA1F21AE65D8C00AB73FB /* PList.h */,
				A92FA1F01AE65D7900AB73FB /* PList.m */,
			);
			name = Util;
			sourceTree = "<group>";
		};
/* End PBXGroup section */

/* Begin PBXNativeTarget section */
		A9FB90A61AE579EB00AF181A /* Rank It */ = {
			isa = PBXNativeTarget;
			buildConfigurationList = A9FB90CA1AE579EB00AF181A /* Build configuration list for PBXNativeTarget "Rank It" */;
			buildPhases = (
				A9FB90A31AE579EB00AF181A /* Sources */,
				A9FB90A41AE579EB00AF181A /* Frameworks */,
				A9FB90A51AE579EB00AF181A /* Resources */,
			);
			buildRules = (
			);
			dependencies = (
			);
			name = "Rank It";
			productName = "Rank It";
			productReference = A9FB90A71AE579EB00AF181A /* Rank It.app */;
			productType = "com.apple.product-type.application";
		};
		A9FB90BF1AE579EB00AF181A /* Rank ItTests */ = {
			isa = PBXNativeTarget;
			buildConfigurationList = A9FB90CD1AE579EB00AF181A /* Build configuration list for PBXNativeTarget "Rank ItTests" */;
			buildPhases = (
				A9FB90BC1AE579EB00AF181A /* Sources */,
				A9FB90BD1AE579EB00AF181A /* Frameworks */,
				A9FB90BE1AE579EB00AF181A /* Resources */,
			);
			buildRules = (
			);
			dependencies = (
				A9FB90C21AE579EB00AF181A /* PBXTargetDependency */,
			);
			name = "Rank ItTests";
			productName = "Rank ItTests";
			productReference = A9FB90C01AE579EB00AF181A /* Rank ItTests.xctest */;
			productType = "com.apple.product-type.bundle.unit-test";
		};
/* End PBXNativeTarget section */

/* Begin PBXProject section */
		A9FB909F1AE579EB00AF181A /* Project object */ = {
			isa = PBXProject;
			attributes = {
				LastUpgradeCheck = 0630;
				ORGANIZATIONNAME = "Marco Mulas";
				TargetAttributes = {
					A9FB90A61AE579EB00AF181A = {
						CreatedOnToolsVersion = 6.3;
						DevelopmentTeam = 4UVHD887LG;
					};
					A9FB90BF1AE579EB00AF181A = {
						CreatedOnToolsVersion = 6.3;
						TestTargetID = A9FB90A61AE579EB00AF181A;
					};
				};
			};
			buildConfigurationList = A9FB90A21AE579EB00AF181A /* Build configuration list for PBXProject "Rank It" */;
			compatibilityVersion = "Xcode 3.2";
			developmentRegion = English;
			hasScannedForEncodings = 0;
			knownRegions = (
				en,
				Base,
			);
			mainGroup = A9FB909E1AE579EB00AF181A;
			productRefGroup = A9FB90A81AE579EB00AF181A /* Products */;
			projectDirPath = "";
			projectRoot = "";
			targets = (
				A9FB90A61AE579EB00AF181A /* Rank It */,
				A9FB90BF1AE579EB00AF181A /* Rank ItTests */,
			);
		};
/* End PBXProject section */

/* Begin PBXResourcesBuildPhase section */
		A9FB90A51AE579EB00AF181A /* Resources */ = {
			isa = PBXResourcesBuildPhase;
			buildActionMask = 2147483647;
			files = (
				A9FB90E81AE57A7200AF181A /* Main.storyboard in Resources */,
				A9FB90BB1AE579EB00AF181A /* LaunchScreen.xib in Resources */,
				A9EF3FF11AE6C6660076579C /* Votes.plist in Resources */,
				A9FB90B81AE579EB00AF181A /* Images.xcassets in Resources */,
			);
			runOnlyForDeploymentPostprocessing = 0;
		};
		A9FB90BE1AE579EB00AF181A /* Resources */ = {
			isa = PBXResourcesBuildPhase;
			buildActionMask = 2147483647;
			files = (
				A92FA1EF1AE65B8E00AB73FB /* Votes.plist in Resources */,
			);
			runOnlyForDeploymentPostprocessing = 0;
		};
/* End PBXResourcesBuildPhase section */

/* Begin PBXSourcesBuildPhase section */
		A9FB90A31AE579EB00AF181A /* Sources */ = {
			isa = PBXSourcesBuildPhase;
			buildActionMask = 2147483647;
			files = (
				A9534FA01AE6C76D003375CF /* Votes.plist in Sources */,
				A9FB90E71AE57A7200AF181A /* Font.m in Sources */,
				A9FB90E41AE57A7200AF181A /* Candidate.m in Sources */,
				A9FB90EB1AE57A7200AF181A /* ViewControllerCandidates.m in Sources */,
				A9FB90E31AE57A7200AF181A /* APIurls.m in Sources */,
				A9FB90EC1AE57A7200AF181A /* ViewControllerDettagli.m in Sources */,
				A9FB90EA1AE57A7200AF181A /* TableViewController.m in Sources */,
				A92FA1F11AE65D7900AB73FB /* PList.m in Sources */,
				A9FB90B01AE579EB00AF181A /* AppDelegate.m in Sources */,
				A9FB90E91AE57A7200AF181A /* Poll.m in Sources */,
				A9FB90AD1AE579EB00AF181A /* main.m in Sources */,
				A9FB90E51AE57A7200AF181A /* ConnectionToServer.m in Sources */,
				A9FB90E61AE57A7200AF181A /* Flip.m in Sources */,
			);
			runOnlyForDeploymentPostprocessing = 0;
		};
		A9FB90BC1AE579EB00AF181A /* Sources */ = {
			isa = PBXSourcesBuildPhase;
			buildActionMask = 2147483647;
			files = (
				A9FB90C71AE579EB00AF181A /* Rank_ItTests.m in Sources */,
			);
			runOnlyForDeploymentPostprocessing = 0;
		};
/* End PBXSourcesBuildPhase section */

/* Begin PBXTargetDependency section */
		A9FB90C21AE579EB00AF181A /* PBXTargetDependency */ = {
			isa = PBXTargetDependency;
			target = A9FB90A61AE579EB00AF181A /* Rank It */;
			targetProxy = A9FB90C11AE579EB00AF181A /* PBXContainerItemProxy */;
		};
/* End PBXTargetDependency section */

/* Begin PBXVariantGroup section */
		A9FB90B91AE579EB00AF181A /* LaunchScreen.xib */ = {
			isa = PBXVariantGroup;
			children = (
				A9FB90BA1AE579EB00AF181A /* Base */,
			);
			name = LaunchScreen.xib;
			sourceTree = "<group>";
		};
/* End PBXVariantGroup section */

/* Begin XCBuildConfiguration section */
		A9FB90C81AE579EB00AF181A /* Debug */ = {
			isa = XCBuildConfiguration;
			buildSettings = {
				ALWAYS_SEARCH_USER_PATHS = NO;
				CLANG_CXX_LANGUAGE_STANDARD = "gnu++0x";
				CLANG_CXX_LIBRARY = "libc++";
				CLANG_ENABLE_MODULES = YES;
				CLANG_ENABLE_OBJC_ARC = YES;
				CLANG_WARN_BOOL_CONVERSION = YES;
				CLANG_WARN_CONSTANT_CONVERSION = YES;
				CLANG_WARN_DIRECT_OBJC_ISA_USAGE = YES_ERROR;
				CLANG_WARN_EMPTY_BODY = YES;
				CLANG_WARN_ENUM_CONVERSION = YES;
				CLANG_WARN_INT_CONVERSION = YES;
				CLANG_WARN_OBJC_ROOT_CLASS = YES_ERROR;
				CLANG_WARN_UNREACHABLE_CODE = YES;
				CLANG_WARN__DUPLICATE_METHOD_MATCH = YES;
				"CODE_SIGN_IDENTITY[sdk=iphoneos*]" = "iPhone Developer";
				COPY_PHASE_STRIP = NO;
				DEBUG_INFORMATION_FORMAT = "dwarf-with-dsym";
				ENABLE_STRICT_OBJC_MSGSEND = YES;
				GCC_C_LANGUAGE_STANDARD = gnu99;
				GCC_DYNAMIC_NO_PIC = NO;
				GCC_NO_COMMON_BLOCKS = YES;
				GCC_OPTIMIZATION_LEVEL = 0;
				GCC_PREPROCESSOR_DEFINITIONS = (
					"DEBUG=1",
					"$(inherited)",
				);
				GCC_SYMBOLS_PRIVATE_EXTERN = NO;
				GCC_WARN_64_TO_32_BIT_CONVERSION = YES;
				GCC_WARN_ABOUT_RETURN_TYPE = YES_ERROR;
				GCC_WARN_UNDECLARED_SELECTOR = YES;
				GCC_WARN_UNINITIALIZED_AUTOS = YES_AGGRESSIVE;
				GCC_WARN_UNUSED_FUNCTION = YES;
				GCC_WARN_UNUSED_VARIABLE = YES;
				IPHONEOS_DEPLOYMENT_TARGET = 8.2;
				MTL_ENABLE_DEBUG_INFO = YES;
				ONLY_ACTIVE_ARCH = YES;
				SDKROOT = iphoneos;
				TARGETED_DEVICE_FAMILY = "1,2";
			};
			name = Debug;
		};
		A9FB90C91AE579EB00AF181A /* Release */ = {
			isa = XCBuildConfiguration;
			buildSettings = {
				ALWAYS_SEARCH_USER_PATHS = NO;
				CLANG_CXX_LANGUAGE_STANDARD = "gnu++0x";
				CLANG_CXX_LIBRARY = "libc++";
				CLANG_ENABLE_MODULES = YES;
				CLANG_ENABLE_OBJC_ARC = YES;
				CLANG_WARN_BOOL_CONVERSION = YES;
				CLANG_WARN_CONSTANT_CONVERSION = YES;
				CLANG_WARN_DIRECT_OBJC_ISA_USAGE = YES_ERROR;
				CLANG_WARN_EMPTY_BODY = YES;
				CLANG_WARN_ENUM_CONVERSION = YES;
				CLANG_WARN_INT_CONVERSION = YES;
				CLANG_WARN_OBJC_ROOT_CLASS = YES_ERROR;
				CLANG_WARN_UNREACHABLE_CODE = YES;
				CLANG_WARN__DUPLICATE_METHOD_MATCH = YES;
				"CODE_SIGN_IDENTITY[sdk=iphoneos*]" = "iPhone Developer";
				COPY_PHASE_STRIP = NO;
				DEBUG_INFORMATION_FORMAT = "dwarf-with-dsym";
				ENABLE_NS_ASSERTIONS = NO;
				ENABLE_STRICT_OBJC_MSGSEND = YES;
				GCC_C_LANGUAGE_STANDARD = gnu99;
				GCC_NO_COMMON_BLOCKS = YES;
				GCC_WARN_64_TO_32_BIT_CONVERSION = YES;
				GCC_WARN_ABOUT_RETURN_TYPE = YES_ERROR;
				GCC_WARN_UNDECLARED_SELECTOR = YES;
				GCC_WARN_UNINITIALIZED_AUTOS = YES_AGGRESSIVE;
				GCC_WARN_UNUSED_FUNCTION = YES;
				GCC_WARN_UNUSED_VARIABLE = YES;
				IPHONEOS_DEPLOYMENT_TARGET = 8.2;
				MTL_ENABLE_DEBUG_INFO = NO;
				SDKROOT = iphoneos;
				TARGETED_DEVICE_FAMILY = "1,2";
				VALIDATE_PRODUCT = YES;
			};
			name = Release;
		};
		A9FB90CB1AE579EB00AF181A /* Debug */ = {
			isa = XCBuildConfiguration;
			buildSettings = {
				ASSETCATALOG_COMPILER_APPICON_NAME = AppIcon;
				CODE_SIGN_IDENTITY = "iPhone Developer";
				INFOPLIST_FILE = "Rank It/Info.plist";
				IPHONEOS_DEPLOYMENT_TARGET = 8.2;
				LD_RUNPATH_SEARCH_PATHS = "$(inherited) @executable_path/Frameworks";
				PRODUCT_NAME = "$(TARGET_NAME)";
				TARGETED_DEVICE_FAMILY = 1;
			};
			name = Debug;
		};
		A9FB90CC1AE579EB00AF181A /* Release */ = {
			isa = XCBuildConfiguration;
			buildSettings = {
				ASSETCATALOG_COMPILER_APPICON_NAME = AppIcon;
				CODE_SIGN_IDENTITY = "iPhone Developer";
				INFOPLIST_FILE = "Rank It/Info.plist";
				IPHONEOS_DEPLOYMENT_TARGET = 8.2;
				LD_RUNPATH_SEARCH_PATHS = "$(inherited) @executable_path/Frameworks";
				PRODUCT_NAME = "$(TARGET_NAME)";
				TARGETED_DEVICE_FAMILY = 1;
			};
			name = Release;
		};
		A9FB90CE1AE579EB00AF181A /* Debug */ = {
			isa = XCBuildConfiguration;
			buildSettings = {
				BUNDLE_LOADER = "$(TEST_HOST)";
				FRAMEWORK_SEARCH_PATHS = (
					"$(SDKROOT)/Developer/Library/Frameworks",
					"$(inherited)",
				);
				GCC_PREPROCESSOR_DEFINITIONS = (
					"DEBUG=1",
					"$(inherited)",
				);
				INFOPLIST_FILE = "Rank ItTests/Info.plist";
				LD_RUNPATH_SEARCH_PATHS = "$(inherited) @executable_path/Frameworks @loader_path/Frameworks";
				PRODUCT_NAME = "$(TARGET_NAME)";
				TEST_HOST = "$(BUILT_PRODUCTS_DIR)/Rank It.app/Rank It";
			};
			name = Debug;
		};
		A9FB90CF1AE579EB00AF181A /* Release */ = {
			isa = XCBuildConfiguration;
			buildSettings = {
				BUNDLE_LOADER = "$(TEST_HOST)";
				FRAMEWORK_SEARCH_PATHS = (
					"$(SDKROOT)/Developer/Library/Frameworks",
					"$(inherited)",
				);
				INFOPLIST_FILE = "Rank ItTests/Info.plist";
				LD_RUNPATH_SEARCH_PATHS = "$(inherited) @executable_path/Frameworks @loader_path/Frameworks";
				PRODUCT_NAME = "$(TARGET_NAME)";
				TEST_HOST = "$(BUILT_PRODUCTS_DIR)/Rank It.app/Rank It";
			};
			name = Release;
		};
/* End XCBuildConfiguration section */

/* Begin XCConfigurationList section */
		A9FB90A21AE579EB00AF181A /* Build configuration list for PBXProject "Rank It" */ = {
			isa = XCConfigurationList;
			buildConfigurations = (
				A9FB90C81AE579EB00AF181A /* Debug */,
				A9FB90C91AE579EB00AF181A /* Release */,
			);
			defaultConfigurationIsVisible = 0;
			defaultConfigurationName = Release;
		};
		A9FB90CA1AE579EB00AF181A /* Build configuration list for PBXNativeTarget "Rank It" */ = {
			isa = XCConfigurationList;
			buildConfigurations = (
				A9FB90CB1AE579EB00AF181A /* Debug */,
				A9FB90CC1AE579EB00AF181A /* Release */,
			);
			defaultConfigurationIsVisible = 0;
			defaultConfigurationName = Release;
		};
		A9FB90CD1AE579EB00AF181A /* Build configuration list for PBXNativeTarget "Rank ItTests" */ = {
			isa = XCConfigurationList;
			buildConfigurations = (
				A9FB90CE1AE579EB00AF181A /* Debug */,
				A9FB90CF1AE579EB00AF181A /* Release */,
			);
			defaultConfigurationIsVisible = 0;
			defaultConfigurationName = Release;
		};
/* End XCConfigurationList section */
	};
	rootObject = A9FB909F1AE579EB00AF181A /* Project object */;
}
